
Microsoft Visual Studio Solution File, Format Version 11.00
# Visual Studio 2010
Project("{FAE04EC0-301F-11D3-BF4B-00C04F79EFBC}") = "GMKT.GMobile.Web", "GMobileFrontProjects\GMKT.GMobile.Web\GMKT.GMobile.Web.csproj", "{1F6916E6-FA74-44A0-BF0D-2DA19A4B1831}"
	ProjectSection(ProjectDependencies) = postProject
		{D451B7FE-37FD-426B-9A27-8DF910A74C1C} = {D451B7FE-37FD-426B-9A27-8DF910A74C1C}
	EndProjectSection
EndProject
Project("{FAE04EC0-301F-11D3-BF4B-00C04F79EFBC}") = "GMKT.GMobile.Tests", "GMobileFrontProjects\GMKT.GMobile.Tests\GMKT.GMobile.Tests.csproj", "{447952F5-0669-4E53-82E8-E6E63F7D592B}"
EndProject
Project("{2150E333-8FDC-42A3-9474-1A3956D46DE8}") = "GMobileFrontProjects", "GMobileFrontProjects", "{2FE16F0E-2457-427C-B9E4-7204D853C1A3}"
EndProject
Project("{FAE04EC0-301F-11D3-BF4B-00C04F79EFBC}") = "GMKT.GMobile.Biz", "GMobileFrontProjects\GMKT.GMobile.Biz\GMKT.GMobile.Biz.csproj", "{DC353221-3C7F-4034-B0EC-86EF2D8C9D0E}"
EndProject
Project("{2150E333-8FDC-42A3-9474-1A3956D46DE8}") = "FrameworkProjects", "FrameworkProjects", "{8FDA2FCC-8BF3-494A-B38B-991CAD6A140E}"
EndProject
Project("{2150E333-8FDC-42A3-9474-1A3956D46DE8}") = "GMobileCommonProjects", "GMobileCommonProjects", "{6A455CC5-936F-4FFD-A766-9A8505AC59F0}"
EndProject
Project("{2150E333-8FDC-42A3-9474-1A3956D46DE8}") = "Assemblies", "Assemblies", "{CA4FA5ED-9AA6-444D-81C5-2193B9970A8E}"
	ProjectSection(SolutionItems) = preProject
		GMobile.Common\Assemblies\M2S64.dll = GMobile.Common\Assemblies\M2S64.dll
		GMobile.Common\Assemblies\Microsoft.Practices.EnterpriseLibrary.Caching.dll = GMobile.Common\Assemblies\Microsoft.Practices.EnterpriseLibrary.Caching.dll
		GMobile.Common\Assemblies\Microsoft.Practices.EnterpriseLibrary.Common.dll = GMobile.Common\Assemblies\Microsoft.Practices.EnterpriseLibrary.Common.dll
		GMobile.Common\Assemblies\Microsoft.Practices.EnterpriseLibrary.Configuration.dll = GMobile.Common\Assemblies\Microsoft.Practices.EnterpriseLibrary.Configuration.dll
	EndProjectSection
EndProject
Project("{FAE04EC0-301F-11D3-BF4B-00C04F79EFBC}") = "GMKT.GMobile.Data", "GMobileFrontProjects\GMKT.GMobile.Data\GMKT.GMobile.Data.csproj", "{48295CEC-B091-41B0-A337-236E510F66EA}"
EndProject
Project("{FAE04EC0-301F-11D3-BF4B-00C04F79EFBC}") = "GMKT.Framework", "GMKT.Common\GMKTFramework\GMKT.Framework.csproj", "{7C73406A-702E-4E37-A6C6-9871B98A19A7}"
EndProject
Project("{FAE04EC0-301F-11D3-BF4B-00C04F79EFBC}") = "GMKT.Web", "GMKT.Common\GMKTWeb\GMKT.Web.csproj", "{4822605F-B628-413E-A69D-76291F7A6AB9}"
EndProject
Project("{FAE04EC0-301F-11D3-BF4B-00C04F79EFBC}") = "GMKT.FrameworkBiz", "GMKT.Common\GMKTFrameworkBiz\GMKT.FrameworkBiz.csproj", "{F1E26249-BEE3-4FDD-8766-051031D23C5A}"
EndProject
Project("{2150E333-8FDC-42A3-9474-1A3956D46DE8}") = "GMKTBizComponents", "GMKTBizComponents", "{12FBEF8A-B30A-48AA-BA19-4E0D88A1A7D0}"
EndProject
Project("{FAE04EC0-301F-11D3-BF4B-00C04F79EFBC}") = "GMKT.Component.Member", "GMKT.Common\GMKTBizComponents\Member\GMKT.Component.Member.csproj", "{42DA768E-5562-4CA5-B248-349CF2EB742B}"
EndProject
Project("{FAE04EC0-301F-11D3-BF4B-00C04F79EFBC}") = "GMKT.Component.Sns", "GMKT.Common\GMKTBizComponents\Sns\GMKT.Component.Sns.csproj", "{46370D11-691C-44AA-B494-89EECD4B28E9}"
EndProject
Project("{FAE04EC0-301F-11D3-BF4B-00C04F79EFBC}") = "GMobile.Service.Member", "GMobile.Common\GMobileServiceProjects\GMobile.Service.Member\GMobile.Service.Member.csproj", "{F948AA38-9F7D-4D3D-8498-59C8E4CE6C47}"
EndProject
Project("{FAE04EC0-301F-11D3-BF4B-00C04F79EFBC}") = "GMobile.Data.Tiger", "GMobile.Common\GMobileDataProjects\GMobile.Data.Tiger\GMobile.Data.Tiger.csproj", "{AE0613A3-5EF1-48D5-8558-6CFFB62553F0}"
EndProject
Project("{FAE04EC0-301F-11D3-BF4B-00C04F79EFBC}") = "GMobile.Data.Voyager", "GMobile.Common\GMobileDataProjects\GMobile.Data.Voyager\GMobile.Data.Voyager.csproj", "{94B4F0A0-9A8D-4655-819C-F3D52427AA35}"
EndProject
Project("{FAE04EC0-301F-11D3-BF4B-00C04F79EFBC}") = "GMobile.Data.DisplayDB", "GMobile.Common\GMobileDataProjects\GMobile.Data.DisplayDB\GMobile.Data.DisplayDB.csproj", "{4FF80B9A-6224-433A-8CF8-E635DA298226}"
EndProject
Project("{FAE04EC0-301F-11D3-BF4B-00C04F79EFBC}") = "GMobile.Service.Display", "GMobile.Common\GMobileServiceProjects\GMobile.Service.Display\GMobile.Service.Display.csproj", "{1C06469E-478B-4E41-AC84-917408C0929C}"
EndProject
Project("{FAE04EC0-301F-11D3-BF4B-00C04F79EFBC}") = "GMobile.Data.Diver", "GMobile.Common\GMobileDataProjects\GMobile.Data.Diver\GMobile.Data.Diver.csproj", "{D451B7FE-37FD-426B-9A27-8DF910A74C1C}"
EndProject
Project("{FAE04EC0-301F-11D3-BF4B-00C04F79EFBC}") = "GMobile.Service.Search", "GMobile.Common\GMobileServiceProjects\GMobile.Service.Search\GMobile.Service.Search.csproj", "{AAFABF1D-5A2B-48E9-8073-E4324BB105F6}"
EndProject
Project("{FAE04EC0-301F-11D3-BF4B-00C04F79EFBC}") = "GMobile.Data.Event", "GMobile.Common\GMobileDataProjects\GMobile.Data.Event\GMobile.Data.Event.csproj", "{F6A71EBE-0C1C-40EB-A941-B9E1CA07B299}"
EndProject
Project("{FAE04EC0-301F-11D3-BF4B-00C04F79EFBC}") = "GMobile.Data.EventZone", "GMobile.Common\GMobileDataProjects\GMobile.Data.EventZone\GMobile.Data.EventZone.csproj", "{D54EA6D4-475C-44A6-9F5C-CBCBF8062764}"
EndProject
Project("{FAE04EC0-301F-11D3-BF4B-00C04F79EFBC}") = "GMobile.Service.EventZone", "GMobile.Common\GMobileServiceProjects\GMobile.Serivce.EventZone\GMobile.Service.EventZone.csproj", "{EB488E57-D6D4-4926-82AB-EA4F9C23352C}"
EndProject
Project("{FAE04EC0-301F-11D3-BF4B-00C04F79EFBC}") = "GMobile.Data.Item", "GMobile.Common\GMobileDataProjects\GMobile.Data.Item\GMobile.Data.Item.csproj", "{AF289525-2B78-408E-92D9-0D9DBE41E624}"
EndProject
Project("{FAE04EC0-301F-11D3-BF4B-00C04F79EFBC}") = "GMobile.Service.Home", "GMobile.Common\GMobileServiceProjects\GMobile.Service.Home\GMobile.Service.Home.csproj", "{6E491015-8170-4EA8-B0E0-C02EF9423A16}"
EndProject
Project("{FAE04EC0-301F-11D3-BF4B-00C04F79EFBC}") = "GMobile.Service.Vertical", "GMobile.Common\GMobileServiceProjects\GMobile.Service.Vertical\GMobile.Service.Vertical.csproj", "{618A5F84-3510-4B6F-B34F-E864E16CA6FF}"
EndProject
Project("{2150E333-8FDC-42A3-9474-1A3956D46DE8}") = "GMobile.Data", "GMobile.Data", "{F6042D61-4624-44FA-9975-B8F5B171F47A}"
EndProject
Project("{2150E333-8FDC-42A3-9474-1A3956D46DE8}") = "GMobile.Service", "GMobile.Service", "{0435B0A2-9583-4F1D-A45E-4B4403D40800}"
EndProject
Project("{2150E333-8FDC-42A3-9474-1A3956D46DE8}") = "GMKT.GMobile", "GMKT.GMobile", "{9AD960CD-89F2-4EF0-8F0A-D2465A093116}"
EndProject
Project("{FAE04EC0-301F-11D3-BF4B-00C04F79EFBC}") = "GMKT.GMobile", "GMobile.Common\GMKT.GMobile\GMKT.GMobile.csproj", "{BEBAC800-052C-4EB5-983E-81BBCBCEDCDB}"
EndProject
Global
	GlobalSection(SolutionConfigurationPlatforms) = preSolution
		Debug|Any CPU = Debug|Any CPU
		Debug|x64 = Debug|x64
		Release|Any CPU = Release|Any CPU
		Release|x64 = Release|x64
	EndGlobalSection
	GlobalSection(ProjectConfigurationPlatforms) = postSolution
		{1F6916E6-FA74-44A0-BF0D-2DA19A4B1831}.Debug|Any CPU.ActiveCfg = Debug|Any CPU
		{1F6916E6-FA74-44A0-BF0D-2DA19A4B1831}.Debug|Any CPU.Build.0 = Debug|Any CPU
		{1F6916E6-FA74-44A0-BF0D-2DA19A4B1831}.Debug|x64.ActiveCfg = Debug|Any CPU
		{1F6916E6-FA74-44A0-BF0D-2DA19A4B1831}.Release|Any CPU.ActiveCfg = Release|Any CPU
		{1F6916E6-FA74-44A0-BF0D-2DA19A4B1831}.Release|Any CPU.Build.0 = Release|Any CPU
		{1F6916E6-FA74-44A0-BF0D-2DA19A4B1831}.Release|x64.ActiveCfg = Release|Any CPU
		{447952F5-0669-4E53-82E8-E6E63F7D592B}.Debug|Any CPU.ActiveCfg = Debug|Any CPU
		{447952F5-0669-4E53-82E8-E6E63F7D592B}.Debug|Any CPU.Build.0 = Debug|Any CPU
		{447952F5-0669-4E53-82E8-E6E63F7D592B}.Debug|x64.ActiveCfg = Debug|Any CPU
		{447952F5-0669-4E53-82E8-E6E63F7D592B}.Release|Any CPU.ActiveCfg = Release|Any CPU
		{447952F5-0669-4E53-82E8-E6E63F7D592B}.Release|Any CPU.Build.0 = Release|Any CPU
		{447952F5-0669-4E53-82E8-E6E63F7D592B}.Release|x64.ActiveCfg = Release|Any CPU
		{DC353221-3C7F-4034-B0EC-86EF2D8C9D0E}.Debug|Any CPU.ActiveCfg = Debug|Any CPU
		{DC353221-3C7F-4034-B0EC-86EF2D8C9D0E}.Debug|Any CPU.Build.0 = Debug|Any CPU
		{DC353221-3C7F-4034-B0EC-86EF2D8C9D0E}.Debug|x64.ActiveCfg = Debug|Any CPU
		{DC353221-3C7F-4034-B0EC-86EF2D8C9D0E}.Release|Any CPU.ActiveCfg = Release|Any CPU
		{DC353221-3C7F-4034-B0EC-86EF2D8C9D0E}.Release|Any CPU.Build.0 = Release|Any CPU
		{DC353221-3C7F-4034-B0EC-86EF2D8C9D0E}.Release|x64.ActiveCfg = Release|Any CPU
		{48295CEC-B091-41B0-A337-236E510F66EA}.Debug|Any CPU.ActiveCfg = Debug|Any CPU
		{48295CEC-B091-41B0-A337-236E510F66EA}.Debug|Any CPU.Build.0 = Debug|Any CPU
		{48295CEC-B091-41B0-A337-236E510F66EA}.Debug|x64.ActiveCfg = Debug|Any CPU
		{48295CEC-B091-41B0-A337-236E510F66EA}.Release|Any CPU.ActiveCfg = Release|Any CPU
		{48295CEC-B091-41B0-A337-236E510F66EA}.Release|Any CPU.Build.0 = Release|Any CPU
		{48295CEC-B091-41B0-A337-236E510F66EA}.Release|x64.ActiveCfg = Release|Any CPU
		{7C73406A-702E-4E37-A6C6-9871B98A19A7}.Debug|Any CPU.ActiveCfg = Debug|Any CPU
		{7C73406A-702E-4E37-A6C6-9871B98A19A7}.Debug|Any CPU.Build.0 = Debug|Any CPU
		{7C73406A-702E-4E37-A6C6-9871B98A19A7}.Debug|x64.ActiveCfg = Debug|x64
		{7C73406A-702E-4E37-A6C6-9871B98A19A7}.Debug|x64.Build.0 = Debug|x64
		{7C73406A-702E-4E37-A6C6-9871B98A19A7}.Release|Any CPU.ActiveCfg = Release|Any CPU
		{7C73406A-702E-4E37-A6C6-9871B98A19A7}.Release|Any CPU.Build.0 = Release|Any CPU
		{7C73406A-702E-4E37-A6C6-9871B98A19A7}.Release|x64.ActiveCfg = Release|x64
		{7C73406A-702E-4E37-A6C6-9871B98A19A7}.Release|x64.Build.0 = Release|x64
		{4822605F-B628-413E-A69D-76291F7A6AB9}.Debug|Any CPU.ActiveCfg = Debug|Any CPU
		{4822605F-B628-413E-A69D-76291F7A6AB9}.Debug|Any CPU.Build.0 = Debug|Any CPU
		{4822605F-B628-413E-A69D-76291F7A6AB9}.Debug|x64.ActiveCfg = Debug|x64
		{4822605F-B628-413E-A69D-76291F7A6AB9}.Debug|x64.Build.0 = Debug|x64
		{4822605F-B628-413E-A69D-76291F7A6AB9}.Release|Any CPU.ActiveCfg = Release|Any CPU
		{4822605F-B628-413E-A69D-76291F7A6AB9}.Release|Any CPU.Build.0 = Release|Any CPU
		{4822605F-B628-413E-A69D-76291F7A6AB9}.Release|x64.ActiveCfg = Release|x64
		{4822605F-B628-413E-A69D-76291F7A6AB9}.Release|x64.Build.0 = Release|x64
		{F1E26249-BEE3-4FDD-8766-051031D23C5A}.Debug|Any CPU.ActiveCfg = Debug|Any CPU
		{F1E26249-BEE3-4FDD-8766-051031D23C5A}.Debug|Any CPU.Build.0 = Debug|Any CPU
		{F1E26249-BEE3-4FDD-8766-051031D23C5A}.Debug|x64.ActiveCfg = Debug|Any CPU
		{F1E26249-BEE3-4FDD-8766-051031D23C5A}.Release|Any CPU.ActiveCfg = Release|Any CPU
		{F1E26249-BEE3-4FDD-8766-051031D23C5A}.Release|Any CPU.Build.0 = Release|Any CPU
		{F1E26249-BEE3-4FDD-8766-051031D23C5A}.Release|x64.ActiveCfg = Release|Any CPU
		{42DA768E-5562-4CA5-B248-349CF2EB742B}.Debug|Any CPU.ActiveCfg = Debug|Any CPU
		{42DA768E-5562-4CA5-B248-349CF2EB742B}.Debug|Any CPU.Build.0 = Debug|Any CPU
		{42DA768E-5562-4CA5-B248-349CF2EB742B}.Debug|x64.ActiveCfg = Debug|x64
		{42DA768E-5562-4CA5-B248-349CF2EB742B}.Debug|x64.Build.0 = Debug|x64
		{42DA768E-5562-4CA5-B248-349CF2EB742B}.Release|Any CPU.ActiveCfg = Release|Any CPU
		{42DA768E-5562-4CA5-B248-349CF2EB742B}.Release|Any CPU.Build.0 = Release|Any CPU
		{42DA768E-5562-4CA5-B248-349CF2EB742B}.Release|x64.ActiveCfg = Release|x64
		{42DA768E-5562-4CA5-B248-349CF2EB742B}.Release|x64.Build.0 = Release|x64
		{46370D11-691C-44AA-B494-89EECD4B28E9}.Debug|Any CPU.ActiveCfg = Debug|Any CPU
		{46370D11-691C-44AA-B494-89EECD4B28E9}.Debug|Any CPU.Build.0 = Debug|Any CPU
		{46370D11-691C-44AA-B494-89EECD4B28E9}.Debug|x64.ActiveCfg = Debug|x64
		{46370D11-691C-44AA-B494-89EECD4B28E9}.Debug|x64.Build.0 = Debug|x64
		{46370D11-691C-44AA-B494-89EECD4B28E9}.Release|Any CPU.ActiveCfg = Release|Any CPU
		{46370D11-691C-44AA-B494-89EECD4B28E9}.Release|Any CPU.Build.0 = Release|Any CPU
		{46370D11-691C-44AA-B494-89EECD4B28E9}.Release|x64.ActiveCfg = Release|x64
		{46370D11-691C-44AA-B494-89EECD4B28E9}.Release|x64.Build.0 = Release|x64
		{F948AA38-9F7D-4D3D-8498-59C8E4CE6C47}.Debug|Any CPU.ActiveCfg = Debug|Any CPU
		{F948AA38-9F7D-4D3D-8498-59C8E4CE6C47}.Debug|Any CPU.Build.0 = Debug|Any CPU
		{F948AA38-9F7D-4D3D-8498-59C8E4CE6C47}.Debug|x64.ActiveCfg = Debug|Any CPU
		{F948AA38-9F7D-4D3D-8498-59C8E4CE6C47}.Release|Any CPU.ActiveCfg = Release|Any CPU
		{F948AA38-9F7D-4D3D-8498-59C8E4CE6C47}.Release|Any CPU.Build.0 = Release|Any CPU
		{F948AA38-9F7D-4D3D-8498-59C8E4CE6C47}.Release|x64.ActiveCfg = Release|Any CPU
		{AE0613A3-5EF1-48D5-8558-6CFFB62553F0}.Debug|Any CPU.ActiveCfg = Debug|Any CPU
		{AE0613A3-5EF1-48D5-8558-6CFFB62553F0}.Debug|Any CPU.Build.0 = Debug|Any CPU
		{AE0613A3-5EF1-48D5-8558-6CFFB62553F0}.Debug|x64.ActiveCfg = Debug|Any CPU
		{AE0613A3-5EF1-48D5-8558-6CFFB62553F0}.Release|Any CPU.ActiveCfg = Release|Any CPU
		{AE0613A3-5EF1-48D5-8558-6CFFB62553F0}.Release|Any CPU.Build.0 = Release|Any CPU
		{AE0613A3-5EF1-48D5-8558-6CFFB62553F0}.Release|x64.ActiveCfg = Release|Any CPU
		{94B4F0A0-9A8D-4655-819C-F3D52427AA35}.Debug|Any CPU.ActiveCfg = Debug|Any CPU
		{94B4F0A0-9A8D-4655-819C-F3D52427AA35}.Debug|Any CPU.Build.0 = Debug|Any CPU
		{94B4F0A0-9A8D-4655-819C-F3D52427AA35}.Debug|x64.ActiveCfg = Debug|Any CPU
		{94B4F0A0-9A8D-4655-819C-F3D52427AA35}.Release|Any CPU.ActiveCfg = Release|Any CPU
		{94B4F0A0-9A8D-4655-819C-F3D52427AA35}.Release|Any CPU.Build.0 = Release|Any CPU
		{94B4F0A0-9A8D-4655-819C-F3D52427AA35}.Release|x64.ActiveCfg = Release|Any CPU
		{4FF80B9A-6224-433A-8CF8-E635DA298226}.Debug|Any CPU.ActiveCfg = Debug|Any CPU
		{4FF80B9A-6224-433A-8CF8-E635DA298226}.Debug|Any CPU.Build.0 = Debug|Any CPU
		{4FF80B9A-6224-433A-8CF8-E635DA298226}.Debug|x64.ActiveCfg = Debug|Any CPU
		{4FF80B9A-6224-433A-8CF8-E635DA298226}.Release|Any CPU.ActiveCfg = Release|Any CPU
		{4FF80B9A-6224-433A-8CF8-E635DA298226}.Release|Any CPU.Build.0 = Release|Any CPU
		{4FF80B9A-6224-433A-8CF8-E635DA298226}.Release|x64.ActiveCfg = Release|Any CPU
		{1C06469E-478B-4E41-AC84-917408C0929C}.Debug|Any CPU.ActiveCfg = Debug|Any CPU
		{1C06469E-478B-4E41-AC84-917408C0929C}.Debug|Any CPU.Build.0 = Debug|Any CPU
		{1C06469E-478B-4E41-AC84-917408C0929C}.Debug|x64.ActiveCfg = Debug|Any CPU
		{1C06469E-478B-4E41-AC84-917408C0929C}.Release|Any CPU.ActiveCfg = Release|Any CPU
		{1C06469E-478B-4E41-AC84-917408C0929C}.Release|Any CPU.Build.0 = Release|Any CPU
		{1C06469E-478B-4E41-AC84-917408C0929C}.Release|x64.ActiveCfg = Release|Any CPU
		{D451B7FE-37FD-426B-9A27-8DF910A74C1C}.Debug|Any CPU.ActiveCfg = Debug|Any CPU
		{D451B7FE-37FD-426B-9A27-8DF910A74C1C}.Debug|Any CPU.Build.0 = Debug|Any CPU
		{D451B7FE-37FD-426B-9A27-8DF910A74C1C}.Debug|x64.ActiveCfg = Debug|Any CPU
		{D451B7FE-37FD-426B-9A27-8DF910A74C1C}.Release|Any CPU.ActiveCfg = Release|Any CPU
		{D451B7FE-37FD-426B-9A27-8DF910A74C1C}.Release|Any CPU.Build.0 = Release|Any CPU
		{D451B7FE-37FD-426B-9A27-8DF910A74C1C}.Release|x64.ActiveCfg = Release|Any CPU
		{AAFABF1D-5A2B-48E9-8073-E4324BB105F6}.Debug|Any CPU.ActiveCfg = Debug|Any CPU
		{AAFABF1D-5A2B-48E9-8073-E4324BB105F6}.Debug|Any CPU.Build.0 = Debug|Any CPU
		{AAFABF1D-5A2B-48E9-8073-E4324BB105F6}.Debug|x64.ActiveCfg = Debug|Any CPU
		{AAFABF1D-5A2B-48E9-8073-E4324BB105F6}.Release|Any CPU.ActiveCfg = Release|Any CPU
		{AAFABF1D-5A2B-48E9-8073-E4324BB105F6}.Release|Any CPU.Build.0 = Release|Any CPU
		{AAFABF1D-5A2B-48E9-8073-E4324BB105F6}.Release|x64.ActiveCfg = Release|Any CPU
		{F6A71EBE-0C1C-40EB-A941-B9E1CA07B299}.Debug|Any CPU.ActiveCfg = Debug|Any CPU
		{F6A71EBE-0C1C-40EB-A941-B9E1CA07B299}.Debug|Any CPU.Build.0 = Debug|Any CPU
		{F6A71EBE-0C1C-40EB-A941-B9E1CA07B299}.Debug|x64.ActiveCfg = Debug|Any CPU
		{F6A71EBE-0C1C-40EB-A941-B9E1CA07B299}.Release|Any CPU.ActiveCfg = Release|Any CPU
		{F6A71EBE-0C1C-40EB-A941-B9E1CA07B299}.Release|Any CPU.Build.0 = Release|Any CPU
		{F6A71EBE-0C1C-40EB-A941-B9E1CA07B299}.Release|x64.ActiveCfg = Release|Any CPU
		{D54EA6D4-475C-44A6-9F5C-CBCBF8062764}.Debug|Any CPU.ActiveCfg = Debug|Any CPU
		{D54EA6D4-475C-44A6-9F5C-CBCBF8062764}.Debug|Any CPU.Build.0 = Debug|Any CPU
		{D54EA6D4-475C-44A6-9F5C-CBCBF8062764}.Debug|x64.ActiveCfg = Debug|Any CPU
		{D54EA6D4-475C-44A6-9F5C-CBCBF8062764}.Release|Any CPU.ActiveCfg = Release|Any CPU
		{D54EA6D4-475C-44A6-9F5C-CBCBF8062764}.Release|Any CPU.Build.0 = Release|Any CPU
		{D54EA6D4-475C-44A6-9F5C-CBCBF8062764}.Release|x64.ActiveCfg = Release|Any CPU
		{EB488E57-D6D4-4926-82AB-EA4F9C23352C}.Debug|Any CPU.ActiveCfg = Debug|Any CPU
		{EB488E57-D6D4-4926-82AB-EA4F9C23352C}.Debug|Any CPU.Build.0 = Debug|Any CPU
		{EB488E57-D6D4-4926-82AB-EA4F9C23352C}.Debug|x64.ActiveCfg = Debug|Any CPU
		{EB488E57-D6D4-4926-82AB-EA4F9C23352C}.Release|Any CPU.ActiveCfg = Release|Any CPU
		{EB488E57-D6D4-4926-82AB-EA4F9C23352C}.Release|Any CPU.Build.0 = Release|Any CPU
		{EB488E57-D6D4-4926-82AB-EA4F9C23352C}.Release|x64.ActiveCfg = Release|Any CPU
		{AF289525-2B78-408E-92D9-0D9DBE41E624}.Debug|Any CPU.ActiveCfg = Debug|Any CPU
		{AF289525-2B78-408E-92D9-0D9DBE41E624}.Debug|Any CPU.Build.0 = Debug|Any CPU
		{AF289525-2B78-408E-92D9-0D9DBE41E624}.Debug|x64.ActiveCfg = Debug|Any CPU
		{AF289525-2B78-408E-92D9-0D9DBE41E624}.Release|Any CPU.ActiveCfg = Release|Any CPU
		{AF289525-2B78-408E-92D9-0D9DBE41E624}.Release|Any CPU.Build.0 = Release|Any CPU
		{AF289525-2B78-408E-92D9-0D9DBE41E624}.Release|x64.ActiveCfg = Release|Any CPU
		{6E491015-8170-4EA8-B0E0-C02EF9423A16}.Debug|Any CPU.ActiveCfg = Debug|Any CPU
		{6E491015-8170-4EA8-B0E0-C02EF9423A16}.Debug|Any CPU.Build.0 = Debug|Any CPU
		{6E491015-8170-4EA8-B0E0-C02EF9423A16}.Debug|x64.ActiveCfg = Debug|Any CPU
		{6E491015-8170-4EA8-B0E0-C02EF9423A16}.Release|Any CPU.ActiveCfg = Release|Any CPU
		{6E491015-8170-4EA8-B0E0-C02EF9423A16}.Release|Any CPU.Build.0 = Release|Any CPU
		{6E491015-8170-4EA8-B0E0-C02EF9423A16}.Release|x64.ActiveCfg = Release|Any CPU
		{618A5F84-3510-4B6F-B34F-E864E16CA6FF}.Debug|Any CPU.ActiveCfg = Debug|Any CPU
		{618A5F84-3510-4B6F-B34F-E864E16CA6FF}.Debug|Any CPU.Build.0 = Debug|Any CPU
		{618A5F84-3510-4B6F-B34F-E864E16CA6FF}.Debug|x64.ActiveCfg = Debug|Any CPU
		{618A5F84-3510-4B6F-B34F-E864E16CA6FF}.Release|Any CPU.ActiveCfg = Release|Any CPU
		{618A5F84-3510-4B6F-B34F-E864E16CA6FF}.Release|Any CPU.Build.0 = Release|Any CPU
		{618A5F84-3510-4B6F-B34F-E864E16CA6FF}.Release|x64.ActiveCfg = Release|Any CPU
		{BEBAC800-052C-4EB5-983E-81BBCBCEDCDB}.Debug|Any CPU.ActiveCfg = Debug|Any CPU
		{BEBAC800-052C-4EB5-983E-81BBCBCEDCDB}.Debug|Any CPU.Build.0 = Debug|Any CPU
		{BEBAC800-052C-4EB5-983E-81BBCBCEDCDB}.Debug|x64.ActiveCfg = Debug|Any CPU
		{BEBAC800-052C-4EB5-983E-81BBCBCEDCDB}.Release|Any CPU.ActiveCfg = Release|Any CPU
		{BEBAC800-052C-4EB5-983E-81BBCBCEDCDB}.Release|Any CPU.Build.0 = Release|Any CPU
		{BEBAC800-052C-4EB5-983E-81BBCBCEDCDB}.Release|x64.ActiveCfg = Release|Any CPU
	EndGlobalSection
	GlobalSection(SolutionProperties) = preSolution
		HideSolutionNode = FALSE
	EndGlobalSection
	GlobalSection(NestedProjects) = preSolution
		{447952F5-0669-4E53-82E8-E6E63F7D592B} = {2FE16F0E-2457-427C-B9E4-7204D853C1A3}
		{1F6916E6-FA74-44A0-BF0D-2DA19A4B1831} = {2FE16F0E-2457-427C-B9E4-7204D853C1A3}
		{DC353221-3C7F-4034-B0EC-86EF2D8C9D0E} = {2FE16F0E-2457-427C-B9E4-7204D853C1A3}
		{48295CEC-B091-41B0-A337-236E510F66EA} = {2FE16F0E-2457-427C-B9E4-7204D853C1A3}
		{7C73406A-702E-4E37-A6C6-9871B98A19A7} = {8FDA2FCC-8BF3-494A-B38B-991CAD6A140E}
		{4822605F-B628-413E-A69D-76291F7A6AB9} = {8FDA2FCC-8BF3-494A-B38B-991CAD6A140E}
		{F1E26249-BEE3-4FDD-8766-051031D23C5A} = {8FDA2FCC-8BF3-494A-B38B-991CAD6A140E}
		{CA4FA5ED-9AA6-444D-81C5-2193B9970A8E} = {6A455CC5-936F-4FFD-A766-9A8505AC59F0}
		{0435B0A2-9583-4F1D-A45E-4B4403D40800} = {6A455CC5-936F-4FFD-A766-9A8505AC59F0}
		{F6042D61-4624-44FA-9975-B8F5B171F47A} = {6A455CC5-936F-4FFD-A766-9A8505AC59F0}
		{9AD960CD-89F2-4EF0-8F0A-D2465A093116} = {6A455CC5-936F-4FFD-A766-9A8505AC59F0}
		{42DA768E-5562-4CA5-B248-349CF2EB742B} = {12FBEF8A-B30A-48AA-BA19-4E0D88A1A7D0}
		{46370D11-691C-44AA-B494-89EECD4B28E9} = {12FBEF8A-B30A-48AA-BA19-4E0D88A1A7D0}
		{1C06469E-478B-4E41-AC84-917408C0929C} = {0435B0A2-9583-4F1D-A45E-4B4403D40800}
		{AAFABF1D-5A2B-48E9-8073-E4324BB105F6} = {0435B0A2-9583-4F1D-A45E-4B4403D40800}
		{EB488E57-D6D4-4926-82AB-EA4F9C23352C} = {0435B0A2-9583-4F1D-A45E-4B4403D40800}
		{6E491015-8170-4EA8-B0E0-C02EF9423A16} = {0435B0A2-9583-4F1D-A45E-4B4403D40800}
		{618A5F84-3510-4B6F-B34F-E864E16CA6FF} = {0435B0A2-9583-4F1D-A45E-4B4403D40800}
		{F948AA38-9F7D-4D3D-8498-59C8E4CE6C47} = {0435B0A2-9583-4F1D-A45E-4B4403D40800}
		{94B4F0A0-9A8D-4655-819C-F3D52427AA35} = {F6042D61-4624-44FA-9975-B8F5B171F47A}
		{4FF80B9A-6224-433A-8CF8-E635DA298226} = {F6042D61-4624-44FA-9975-B8F5B171F47A}
		{D451B7FE-37FD-426B-9A27-8DF910A74C1C} = {F6042D61-4624-44FA-9975-B8F5B171F47A}
		{F6A71EBE-0C1C-40EB-A941-B9E1CA07B299} = {F6042D61-4624-44FA-9975-B8F5B171F47A}
		{D54EA6D4-475C-44A6-9F5C-CBCBF8062764} = {F6042D61-4624-44FA-9975-B8F5B171F47A}
		{AF289525-2B78-408E-92D9-0D9DBE41E624} = {F6042D61-4624-44FA-9975-B8F5B171F47A}
		{AE0613A3-5EF1-48D5-8558-6CFFB62553F0} = {F6042D61-4624-44FA-9975-B8F5B171F47A}
		{BEBAC800-052C-4EB5-983E-81BBCBCEDCDB} = {9AD960CD-89F2-4EF0-8F0A-D2465A093116}
	EndGlobalSection
EndGlobal
